// !$*UTF8*$!
{
	archiveVersion = 1;
	classes = {
	};
	objectVersion = 55;
	objects = {

/* Begin PBXBuildFile section */
		AFC0DD742791C53600F5088E /* AppDelegate.swift in Sources */ = {isa = PBXBuildFile; fileRef = AFC0DD732791C53600F5088E /* AppDelegate.swift */; };
		AFC0DD762791C53600F5088E /* SceneDelegate.swift in Sources */ = {isa = PBXBuildFile; fileRef = AFC0DD752791C53600F5088E /* SceneDelegate.swift */; };
		AFC0DD782791C53600F5088E /* CalculateViewController.swift in Sources */ = {isa = PBXBuildFile; fileRef = AFC0DD772791C53600F5088E /* CalculateViewController.swift */; };
		AFC0DD7B2791C53600F5088E /* Main.storyboard in Resources */ = {isa = PBXBuildFile; fileRef = AFC0DD792791C53600F5088E /* Main.storyboard */; };
		AFC0DD7D2791C53A00F5088E /* Assets.xcassets in Resources */ = {isa = PBXBuildFile; fileRef = AFC0DD7C2791C53A00F5088E /* Assets.xcassets */; };
		AFC0DD802791C53A00F5088E /* LaunchScreen.storyboard in Resources */ = {isa = PBXBuildFile; fileRef = AFC0DD7E2791C53A00F5088E /* LaunchScreen.storyboard */; };
		AFC0DD8D2792E73E00F5088E /* ResultViewController.swift in Sources */ = {isa = PBXBuildFile; fileRef = AFC0DD8C2792E73E00F5088E /* ResultViewController.swift */; };
		AFC0DD8F2793DA9800F5088E /* CalculatorBrain.swift in Sources */ = {isa = PBXBuildFile; fileRef = AFC0DD8E2793DA9800F5088E /* CalculatorBrain.swift */; };
		AFC0DD912793E29500F5088E /* BMI.swift in Sources */ = {isa = PBXBuildFile; fileRef = AFC0DD902793E29500F5088E /* BMI.swift */; };
		AFC0DD972793EAD200F5088E /* screen1.png in Resources */ = {isa = PBXBuildFile; fileRef = AFC0DD932793EAD200F5088E /* screen1.png */; };
		AFC0DD982793EAD200F5088E /* screen2.png in Resources */ = {isa = PBXBuildFile; fileRef = AFC0DD942793EAD200F5088E /* screen2.png */; };
		AFC0DD992793EAD200F5088E /* screen4.png in Resources */ = {isa = PBXBuildFile; fileRef = AFC0DD952793EAD200F5088E /* screen4.png */; };
		AFC0DD9A2793EAD200F5088E /* screen3.png in Resources */ = {isa = PBXBuildFile; fileRef = AFC0DD962793EAD200F5088E /* screen3.png */; };
/* End PBXBuildFile section */

/* Begin PBXFileReference section */
		AFC0DD702791C53600F5088E /* BMI-Calculator.app */ = {isa = PBXFileReference; explicitFileType = wrapper.application; includeInIndex = 0; path = "BMI-Calculator.app"; sourceTree = BUILT_PRODUCTS_DIR; };
		AFC0DD732791C53600F5088E /* AppDelegate.swift */ = {isa = PBXFileReference; lastKnownFileType = sourcecode.swift; path = AppDelegate.swift; sourceTree = "<group>"; };
		AFC0DD752791C53600F5088E /* SceneDelegate.swift */ = {isa = PBXFileReference; lastKnownFileType = sourcecode.swift; path = SceneDelegate.swift; sourceTree = "<group>"; };
		AFC0DD772791C53600F5088E /* CalculateViewController.swift */ = {isa = PBXFileReference; lastKnownFileType = sourcecode.swift; path = CalculateViewController.swift; sourceTree = "<group>"; };
		AFC0DD7A2791C53600F5088E /* Base */ = {isa = PBXFileReference; lastKnownFileType = file.storyboard; name = Base; path = Base.lproj/Main.storyboard; sourceTree = "<group>"; };
		AFC0DD7C2791C53A00F5088E /* Assets.xcassets */ = {isa = PBXFileReference; lastKnownFileType = folder.assetcatalog; path = Assets.xcassets; sourceTree = "<group>"; };
		AFC0DD7F2791C53A00F5088E /* Base */ = {isa = PBXFileReference; lastKnownFileType = file.storyboard; name = Base; path = Base.lproj/LaunchScreen.storyboard; sourceTree = "<group>"; };
		AFC0DD812791C53A00F5088E /* Info.plist */ = {isa = PBXFileReference; lastKnownFileType = text.plist.xml; path = Info.plist; sourceTree = "<group>"; };
		AFC0DD8C2792E73E00F5088E /* ResultViewController.swift */ = {isa = PBXFileReference; lastKnownFileType = sourcecode.swift; path = ResultViewController.swift; sourceTree = "<group>"; };
		AFC0DD8E2793DA9800F5088E /* CalculatorBrain.swift */ = {isa = PBXFileReference; lastKnownFileType = sourcecode.swift; path = CalculatorBrain.swift; sourceTree = "<group>"; };
		AFC0DD902793E29500F5088E /* BMI.swift */ = {isa = PBXFileReference; lastKnownFileType = sourcecode.swift; path = BMI.swift; sourceTree = "<group>"; };
		AFC0DD932793EAD200F5088E /* screen1.png */ = {isa = PBXFileReference; lastKnownFileType = image.png; path = screen1.png; sourceTree = "<group>"; };
		AFC0DD942793EAD200F5088E /* screen2.png */ = {isa = PBXFileReference; lastKnownFileType = image.png; path = screen2.png; sourceTree = "<group>"; };
		AFC0DD952793EAD200F5088E /* screen4.png */ = {isa = PBXFileReference; lastKnownFileType = image.png; path = screen4.png; sourceTree = "<group>"; };
		AFC0DD962793EAD200F5088E /* screen3.png */ = {isa = PBXFileReference; lastKnownFileType = image.png; path = screen3.png; sourceTree = "<group>"; };
/* End PBXFileReference section */

/* Begin PBXFrameworksBuildPhase section */
		AFC0DD6D2791C53600F5088E /* Frameworks */ = {
			isa = PBXFrameworksBuildPhase;
			buildActionMask = 2147483647;
			files = (
			);
			runOnlyForDeploymentPostprocessing = 0;
		};
/* End PBXFrameworksBuildPhase section */

/* Begin PBXGroup section */
		AFC0DD672791C53600F5088E = {
			isa = PBXGroup;
			children = (
				AFC0DD722791C53600F5088E /* BMI-Calculator */,
				AFC0DD712791C53600F5088E /* Products */,
			);
			sourceTree = "<group>";
		};
		AFC0DD712791C53600F5088E /* Products */ = {
			isa = PBXGroup;
			children = (
				AFC0DD702791C53600F5088E /* BMI-Calculator.app */,
			);
			name = Products;
			sourceTree = "<group>";
		};
		AFC0DD722791C53600F5088E /* BMI-Calculator */ = {
			isa = PBXGroup;
			children = (
				AFC0DD732791C53600F5088E /* AppDelegate.swift */,
				AFC0DD752791C53600F5088E /* SceneDelegate.swift */,
				AFC0DD892792AAF800F5088E /* Models */,
				AFC0DD882792AAE100F5088E /* Views */,
				AFC0DD872792AAD400F5088E /* Controllers */,
				AFC0DD7C2791C53A00F5088E /* Assets.xcassets */,
				AFC0DD7E2791C53A00F5088E /* LaunchScreen.storyboard */,
				AFC0DD812791C53A00F5088E /* Info.plist */,
				AFC0DD922793EA6200F5088E /* screenCap */,
			);
			path = "BMI-Calculator";
			sourceTree = "<group>";
		};
		AFC0DD872792AAD400F5088E /* Controllers */ = {
			isa = PBXGroup;
			children = (
				AFC0DD772791C53600F5088E /* CalculateViewController.swift */,
				AFC0DD8C2792E73E00F5088E /* ResultViewController.swift */,
			);
			path = Controllers;
			sourceTree = "<group>";
		};
		AFC0DD882792AAE100F5088E /* Views */ = {
			isa = PBXGroup;
			children = (
				AFC0DD792791C53600F5088E /* Main.storyboard */,
			);
			path = Views;
			sourceTree = "<group>";
		};
		AFC0DD892792AAF800F5088E /* Models */ = {
			isa = PBXGroup;
			children = (
				AFC0DD8E2793DA9800F5088E /* CalculatorBrain.swift */,
				AFC0DD902793E29500F5088E /* BMI.swift */,
			);
			path = Models;
			sourceTree = "<group>";
		};
		AFC0DD922793EA6200F5088E /* screenCap */ = {
			isa = PBXGroup;
			children = (
				AFC0DD932793EAD200F5088E /* screen1.png */,
				AFC0DD942793EAD200F5088E /* screen2.png */,
				AFC0DD962793EAD200F5088E /* screen3.png */,
				AFC0DD952793EAD200F5088E /* screen4.png */,
			);
			path = screenCap;
			sourceTree = "<group>";
		};
/* End PBXGroup section */

/* Begin PBXNativeTarget section */
		AFC0DD6F2791C53600F5088E /* BMI-Calculator */ = {
			isa = PBXNativeTarget;
			buildConfigurationList = AFC0DD842791C53A00F5088E /* Build configuration list for PBXNativeTarget "BMI-Calculator" */;
			buildPhases = (
				AFC0DD6C2791C53600F5088E /* Sources */,
				AFC0DD6D2791C53600F5088E /* Frameworks */,
				AFC0DD6E2791C53600F5088E /* Resources */,
			);
			buildRules = (
			);
			dependencies = (
			);
			name = "BMI-Calculator";
			productName = "BMI-Calculator";
			productReference = AFC0DD702791C53600F5088E /* BMI-Calculator.app */;
			productType = "com.apple.product-type.application";
		};
/* End PBXNativeTarget section */

/* Begin PBXProject section */
		AFC0DD682791C53600F5088E /* Project object */ = {
			isa = PBXProject;
			attributes = {
				BuildIndependentTargetsInParallel = 1;
				LastSwiftUpdateCheck = 1320;
				LastUpgradeCheck = 1320;
				TargetAttributes = {
					AFC0DD6F2791C53600F5088E = {
						CreatedOnToolsVersion = 13.2.1;
					};
				};
			};
			buildConfigurationList = AFC0DD6B2791C53600F5088E /* Build configuration list for PBXProject "BMI-Calculator" */;
			compatibilityVersion = "Xcode 13.0";
			developmentRegion = en;
			hasScannedForEncodings = 0;
			knownRegions = (
				en,
				Base,
			);
			mainGroup = AFC0DD672791C53600F5088E;
			productRefGroup = AFC0DD712791C53600F5088E /* Products */;
			projectDirPath = "";
			projectRoot = "";
			targets = (
				AFC0DD6F2791C53600F5088E /* BMI-Calculator */,
			);
		};
/* End PBXProject section */

/* Begin PBXResourcesBuildPhase section */
		AFC0DD6E2791C53600F5088E /* Resources */ = {
			isa = PBXResourcesBuildPhase;
			buildActionMask = 2147483647;
			files = (
				AFC0DD9A2793EAD200F5088E /* screen3.png in Resources */,
				AFC0DD802791C53A00F5088E /* LaunchScreen.storyboard in Resources */,
				AFC0DD7D2791C53A00F5088E /* Assets.xcassets in Resources */,
				AFC0DD982793EAD200F5088E /* screen2.png in Resources */,
				AFC0DD7B2791C53600F5088E /* Main.storyboard in Resources */,
				AFC0DD992793EAD200F5088E /* screen4.png in Resources */,
				AFC0DD972793EAD200F5088E /* screen1.png in Resources */,
			);
			runOnlyForDeploymentPostprocessing = 0;
		};
/* End PBXResourcesBuildPhase section */

/* Begin PBXSourcesBuildPhase section */
		AFC0DD6C2791C53600F5088E /* Sources */ = {
			isa = PBXSourcesBuildPhase;
			buildActionMask = 2147483647;
			files = (
				AFC0DD782791C53600F5088E /* CalculateViewController.swift in Sources */,
				AFC0DD742791C53600F5088E /* AppDelegate.swift in Sources */,
				AFC0DD762791C53600F5088E /* SceneDelegate.swift in Sources */,
				AFC0DD8F2793DA9800F5088E /* CalculatorBrain.swift in Sources */,
				AFC0DD912793E29500F5088E /* BMI.swift in Sources */,
				AFC0DD8D2792E73E00F5088E /* ResultViewController.swift in Sources */,
			);
			runOnlyForDeploymentPostprocessing = 0;
		};
/* End PBXSourcesBuildPhase section */

/* Begin PBXVariantGroup section */
		AFC0DD792791C53600F5088E /* Main.storyboard */ = {
			isa = PBXVariantGroup;
			children = (
				AFC0DD7A2791C53600F5088E /* Base */,
			);
			name = Main.storyboard;
			sourceTree = "<group>";
		};
		AFC0DD7E2791C53A00F5088E /* LaunchScreen.storyboard */ = {
			isa = PBXVariantGroup;
			children = (
				AFC0DD7F2791C53A00F5088E /* Base */,
			);
			name = LaunchScreen.storyboard;
			sourceTree = "<group>";
		};
/* End PBXVariantGroup section */

/* Begin XCBuildConfiguration section */
		AFC0DD822791C53A00F5088E /* Debug */ = {
			isa = XCBuildConfiguration;
			buildSettings = {
				ALWAYS_SEARCH_USER_PATHS = NO;
				CLANG_ANALYZER_NONNULL = YES;
				CLANG_ANALYZER_NUMBER_OBJECT_CONVERSION = YES_AGGRESSIVE;
				CLANG_CXX_LANGUAGE_STANDARD = "gnu++17";
				CLANG_CXX_LIBRARY = "libc++";
				CLANG_ENABLE_MODULES = YES;
				CLANG_ENABLE_OBJC_ARC = YES;
				CLANG_ENABLE_OBJC_WEAK = YES;
				CLANG_WARN_BLOCK_CAPTURE_AUTORELEASING = YES;
				CLANG_WARN_BOOL_CONVERSION = YES;
				CLANG_WARN_COMMA = YES;
				CLANG_WARN_CONSTANT_CONVERSION = YES;
				CLANG_WARN_DEPRECATED_OBJC_IMPLEMENTATIONS = YES;
				CLANG_WARN_DIRECT_OBJC_ISA_USAGE = YES_ERROR;
				CLANG_WARN_DOCUMENTATION_COMMENTS = YES;
				CLANG_WARN_EMPTY_BODY = YES;
				CLANG_WARN_ENUM_CONVERSION = YES;
				CLANG_WARN_INFINITE_RECURSION = YES;
				CLANG_WARN_INT_CONVERSION = YES;
				CLANG_WARN_NON_LITERAL_NULL_CONVERSION = YES;
				CLANG_WARN_OBJC_IMPLICIT_RETAIN_SELF = YES;
				CLANG_WARN_OBJC_LITERAL_CONVERSION = YES;
				CLANG_WARN_OBJC_ROOT_CLASS = YES_ERROR;
				CLANG_WARN_QUOTED_INCLUDE_IN_FRAMEWORK_HEADER = YES;
				CLANG_WARN_RANGE_LOOP_ANALYSIS = YES;
				CLANG_WARN_STRICT_PROTOTYPES = YES;
				CLANG_WARN_SUSPICIOUS_MOVE = YES;
				CLANG_WARN_UNGUARDED_AVAILABILITY = YES_AGGRESSIVE;
				CLANG_WARN_UNREACHABLE_CODE = YES;
				CLANG_WARN__DUPLICATE_METHOD_MATCH = YES;
				COPY_PHASE_STRIP = NO;
				DEBUG_INFORMATION_FORMAT = dwarf;
				ENABLE_STRICT_OBJC_MSGSEND = YES;
				ENABLE_TESTABILITY = YES;
				GCC_C_LANGUAGE_STANDARD = gnu11;
				GCC_DYNAMIC_NO_PIC = NO;
				GCC_NO_COMMON_BLOCKS = YES;
				GCC_OPTIMIZATION_LEVEL = 0;
				GCC_PREPROCESSOR_DEFINITIONS = (
					"DEBUG=1",
					"$(inherited)",
				);
				GCC_WARN_64_TO_32_BIT_CONVERSION = YES;
				GCC_WARN_ABOUT_RETURN_TYPE = YES_ERROR;
				GCC_WARN_UNDECLARED_SELECTOR = YES;
				GCC_WARN_UNINITIALIZED_AUTOS = YES_AGGRESSIVE;
				GCC_WARN_UNUSED_FUNCTION = YES;
				GCC_WARN_UNUSED_VARIABLE = YES;
				IPHONEOS_DEPLOYMENT_TARGET = 15.2;
				MTL_ENABLE_DEBUG_INFO = INCLUDE_SOURCE;
				MTL_FAST_MATH = YES;
				ONLY_ACTIVE_ARCH = YES;
				SDKROOT = iphoneos;
				SWIFT_ACTIVE_COMPILATION_CONDITIONS = DEBUG;
				SWIFT_OPTIMIZATION_LEVEL = "-Onone";
			};
			name = Debug;
		};
		AFC0DD832791C53A00F5088E /* Release */ = {
			isa = XCBuildConfiguration;
			buildSettings = {
				ALWAYS_SEARCH_USER_PATHS = NO;
				CLANG_ANALYZER_NONNULL = YES;
				CLANG_ANALYZER_NUMBER_OBJECT_CONVERSION = YES_AGGRESSIVE;
				CLANG_CXX_LANGUAGE_STANDARD = "gnu++17";
				CLANG_CXX_LIBRARY = "libc++";
				CLANG_ENABLE_MODULES = YES;
				CLANG_ENABLE_OBJC_ARC = YES;
				CLANG_ENABLE_OBJC_WEAK = YES;
				CLANG_WARN_BLOCK_CAPTURE_AUTORELEASING = YES;
				CLANG_WARN_BOOL_CONVERSION = YES;
				CLANG_WARN_COMMA = YES;
				CLANG_WARN_CONSTANT_CONVERSION = YES;
				CLANG_WARN_DEPRECATED_OBJC_IMPLEMENTATIONS = YES;
				CLANG_WARN_DIRECT_OBJC_ISA_USAGE = YES_ERROR;
				CLANG_WARN_DOCUMENTATION_COMMENTS = YES;
				CLANG_WARN_EMPTY_BODY = YES;
				CLANG_WARN_ENUM_CONVERSION = YES;
				CLANG_WARN_INFINITE_RECURSION = YES;
				CLANG_WARN_INT_CONVERSION = YES;
				CLANG_WARN_NON_LITERAL_NULL_CONVERSION = YES;
				CLANG_WARN_OBJC_IMPLICIT_RETAIN_SELF = YES;
				CLANG_WARN_OBJC_LITERAL_CONVERSION = YES;
				CLANG_WARN_OBJC_ROOT_CLASS = YES_ERROR;
				CLANG_WARN_QUOTED_INCLUDE_IN_FRAMEWORK_HEADER = YES;
				CLANG_WARN_RANGE_LOOP_ANALYSIS = YES;
				CLANG_WARN_STRICT_PROTOTYPES = YES;
				CLANG_WARN_SUSPICIOUS_MOVE = YES;
				CLANG_WARN_UNGUARDED_AVAILABILITY = YES_AGGRESSIVE;
				CLANG_WARN_UNREACHABLE_CODE = YES;
				CLANG_WARN__DUPLICATE_METHOD_MATCH = YES;
				COPY_PHASE_STRIP = NO;
				DEBUG_INFORMATION_FORMAT = "dwarf-with-dsym";
				ENABLE_NS_ASSERTIONS = NO;
				ENABLE_STRICT_OBJC_MSGSEND = YES;
				GCC_C_LANGUAGE_STANDARD = gnu11;
				GCC_NO_COMMON_BLOCKS = YES;
				GCC_WARN_64_TO_32_BIT_CONVERSION = YES;
				GCC_WARN_ABOUT_RETURN_TYPE = YES_ERROR;
				GCC_WARN_UNDECLARED_SELECTOR = YES;
				GCC_WARN_UNINITIALIZED_AUTOS = YES_AGGRESSIVE;
				GCC_WARN_UNUSED_FUNCTION = YES;
				GCC_WARN_UNUSED_VARIABLE = YES;
				IPHONEOS_DEPLOYMENT_TARGET = 15.2;
				MTL_ENABLE_DEBUG_INFO = NO;
				MTL_FAST_MATH = YES;
				SDKROOT = iphoneos;
				SWIFT_COMPILATION_MODE = wholemodule;
				SWIFT_OPTIMIZATION_LEVEL = "-O";
				VALIDATE_PRODUCT = YES;
			};
			name = Release;
		};
		AFC0DD852791C53A00F5088E /* Debug */ = {
			isa = XCBuildConfiguration;
			buildSettings = {
				ASSETCATALOG_COMPILER_APPICON_NAME = AppIcon;
				ASSETCATALOG_COMPILER_GLOBAL_ACCENT_COLOR_NAME = AccentColor;
				CODE_SIGN_STYLE = Automatic;
				CURRENT_PROJECT_VERSION = 1;
				DEVELOPMENT_TEAM = W44HKF7Z47;
				GENERATE_INFOPLIST_FILE = YES;
				INFOPLIST_FILE = "BMI-Calculator/Info.plist";
				INFOPLIST_KEY_UIApplicationSupportsIndirectInputEvents = YES;
				INFOPLIST_KEY_UILaunchStoryboardName = LaunchScreen;
				INFOPLIST_KEY_UIMainStoryboardFile = Main;
				INFOPLIST_KEY_UISupportedInterfaceOrientations_iPad = "UIInterfaceOrientationPortrait UIInterfaceOrientationPortraitUpsideDown UIInterfaceOrientationLandscapeLeft UIInterfaceOrientationLandscapeRight";
				INFOPLIST_KEY_UISupportedInterfaceOrientations_iPhone = "UIInterfaceOrientationPortrait UIInterfaceOrientationLandscapeLeft UIInterfaceOrientationLandscapeRight";
				LD_RUNPATH_SEARCH_PATHS = (
					"$(inherited)",
					"@executable_path/Frameworks",
				);
				MARKETING_VERSION = 1.0;
				PRODUCT_BUNDLE_IDENTIFIER = "com.vickylee.BMI-Calculator";
				PRODUCT_NAME = "$(TARGET_NAME)";
				SWIFT_EMIT_LOC_STRINGS = YES;
				SWIFT_VERSION = 5.0;
				TARGETED_DEVICE_FAMILY = "1,2";
			};
			name = Debug;
		};
		AFC0DD862791C53A00F5088E /* Release */ = {
			isa = XCBuildConfiguration;
			buildSettings = {
				ASSETCATALOG_COMPILER_APPICON_NAME = AppIcon;
				ASSETCATALOG_COMPILER_GLOBAL_ACCENT_COLOR_NAME = AccentColor;
				CODE_SIGN_STYLE = Automatic;
				CURRENT_PROJECT_VERSION = 1;
				DEVELOPMENT_TEAM = W44HKF7Z47;
				GENERATE_INFOPLIST_FILE = YES;
				INFOPLIST_FILE = "BMI-Calculator/Info.plist";
				INFOPLIST_KEY_UIApplicationSupportsIndirectInputEvents = YES;
				INFOPLIST_KEY_UILaunchStoryboardName = LaunchScreen;
				INFOPLIST_KEY_UIMainStoryboardFile = Main;
				INFOPLIST_KEY_UISupportedInterfaceOrientations_iPad = "UIInterfaceOrientationPortrait UIInterfaceOrientationPortraitUpsideDown UIInterfaceOrientationLandscapeLeft UIInterfaceOrientationLandscapeRight";
				INFOPLIST_KEY_UISupportedInterfaceOrientations_iPhone = "UIInterfaceOrientationPortrait UIInterfaceOrientationLandscapeLeft UIInterfaceOrientationLandscapeRight";
				LD_RUNPATH_SEARCH_PATHS = (
					"$(inherited)",
					"@executable_path/Frameworks",
				);
				MARKETING_VERSION = 1.0;
				PRODUCT_BUNDLE_IDENTIFIER = "com.vickylee.BMI-Calculator";
				PRODUCT_NAME = "$(TARGET_NAME)";
				SWIFT_EMIT_LOC_STRINGS = YES;
				SWIFT_VERSION = 5.0;
				TARGETED_DEVICE_FAMILY = "1,2";
			};
			name = Release;
		};
/* End XCBuildConfiguration section */

/* Begin XCConfigurationList section */
		AFC0DD6B2791C53600F5088E /* Build configuration list for PBXProject "BMI-Calculator" */ = {
			isa = XCConfigurationList;
			buildConfigurations = (
				AFC0DD822791C53A00F5088E /* Debug */,
				AFC0DD832791C53A00F5088E /* Release */,
			);
			defaultConfigurationIsVisible = 0;
			defaultConfigurationName = Release;
		};
		AFC0DD842791C53A00F5088E /* Build configuration list for PBXNativeTarget "BMI-Calculator" */ = {
			isa = XCConfigurationList;
			buildConfigurations = (
				AFC0DD852791C53A00F5088E /* Debug */,
				AFC0DD862791C53A00F5088E /* Release */,
			);
			defaultConfigurationIsVisible = 0;
			defaultConfigurationName = Release;
		};
/* End XCConfigurationList section */
	};
	rootObject = AFC0DD682791C53600F5088E /* Project object */;
}
